
Microsoft Visual Studio Solution File, Format Version 12.00
# Visual Studio Version 17
VisualStudioVersion = 17.1.32210.238
MinimumVisualStudioVersion = 10.0.40219.1
Project("{FAE04EC0-301F-11D3-BF4B-00C04F79EFBC}") = "Postal_indexing", "Postal_indexing\Postal_indexing.csproj", "{AC9C208B-833D-4226-9F5F-6AA4C4272E67}"
EndProject
Global
	GlobalSection(SolutionConfigurationPlatforms) = preSolution
		Debug|Any CPU = Debug|Any CPU
		Release|Any CPU = Release|Any CPU
	EndGlobalSection
	GlobalSection(ProjectConfigurationPlatforms) = postSolution
		{AC9C208B-833D-4226-9F5F-6AA4C4272E67}.Debug|Any CPU.ActiveCfg = Debug|Any CPU
		{AC9C208B-833D-4226-9F5F-6AA4C4272E67}.Debug|Any CPU.Build.0 = Debug|Any CPU
		{AC9C208B-833D-4226-9F5F-6AA4C4272E67}.Release|Any CPU.ActiveCfg = Release|Any CPU
		{AC9C208B-833D-4226-9F5F-6AA4C4272E67}.Release|Any CPU.Build.0 = Release|Any CPU
	EndGlobalSection
	GlobalSection(SolutionProperties) = preSolution
		HideSolutionNode = FALSE
	EndGlobalSection
	GlobalSection(ExtensibilityGlobals) = postSolution
		SolutionGuid = {632FB7C1-1F88-4676-9ABB-7BC8F7121793}
	EndGlobalSection
EndGlobal
